
Microsoft Visual Studio Solution File, Format Version 12.00
# Visual Studio Version 16
VisualStudioVersion = 16.0.31729.503
MinimumVisualStudioVersion = 10.0.40219.1
Project("{FAE04EC0-301F-11D3-BF4B-00C04F79EFBC}") = "QRPass", "QRPass\QRPass.csproj", "{88CC5F30-E937-4B8A-9AC3-63F36BFB17F3}"
EndProject
Global
	GlobalSection(SolutionConfigurationPlatforms) = preSolution
		Debug|Any CPU = Debug|Any CPU
		Release|Any CPU = Release|Any CPU
	EndGlobalSection
	GlobalSection(ProjectConfigurationPlatforms) = postSolution
		{88CC5F30-E937-4B8A-9AC3-63F36BFB17F3}.Debug|Any CPU.ActiveCfg = Debug|Any CPU
		{88CC5F30-E937-4B8A-9AC3-63F36BFB17F3}.Debug|Any CPU.Build.0 = Debug|Any CPU
		{88CC5F30-E937-4B8A-9AC3-63F36BFB17F3}.Release|Any CPU.ActiveCfg = Release|Any CPU
		{88CC5F30-E937-4B8A-9AC3-63F36BFB17F3}.Release|Any CPU.Build.0 = Release|Any CPU
	EndGlobalSection
	GlobalSection(SolutionProperties) = preSolution
		HideSolutionNode = FALSE
	EndGlobalSection
	GlobalSection(ExtensibilityGlobals) = postSolution
		SolutionGuid = {C13E573B-57C9-453C-89EA-690C260DBAA2}
	EndGlobalSection
EndGlobal
